
Microsoft Visual Studio Solution File, Format Version 12.00
# Visual Studio Version 16
VisualStudioVersion = 16.0.31105.61
MinimumVisualStudioVersion = 10.0.40219.1
Project("{FAE04EC0-301F-11D3-BF4B-00C04F79EFBC}") = "Oga Boga", "Oga Boga.csproj", "{A7080A73-2069-46E1-A986-2B8DD6C79ECD}"
EndProject
Global
	GlobalSection(SolutionConfigurationPlatforms) = preSolution
		Debug|Any CPU = Debug|Any CPU
		Release|Any CPU = Release|Any CPU
	EndGlobalSection
	GlobalSection(ProjectConfigurationPlatforms) = postSolution
		{A7080A73-2069-46E1-A986-2B8DD6C79ECD}.Debug|Any CPU.ActiveCfg = Debug|Any CPU
		{A7080A73-2069-46E1-A986-2B8DD6C79ECD}.Debug|Any CPU.Build.0 = Debug|Any CPU
		{A7080A73-2069-46E1-A986-2B8DD6C79ECD}.Release|Any CPU.ActiveCfg = Release|Any CPU
		{A7080A73-2069-46E1-A986-2B8DD6C79ECD}.Release|Any CPU.Build.0 = Release|Any CPU
	EndGlobalSection
	GlobalSection(SolutionProperties) = preSolution
		HideSolutionNode = FALSE
	EndGlobalSection
	GlobalSection(ExtensibilityGlobals) = postSolution
		SolutionGuid = {765972F0-C0FA-4E5C-AAFF-7C7FC65C28DF}
	EndGlobalSection
EndGlobal
